
Microsoft Visual Studio Solution File, Format Version 12.00
# Visual Studio Version 16
VisualStudioVersion = 16.0.30804.86
MinimumVisualStudioVersion = 10.0.40219.1
Project("{FAE04EC0-301F-11D3-BF4B-00C04F79EFBC}") = "WCFService_2Way_20180140067", "WCFService_2Way_20180140067.csproj", "{D5EB9089-53AC-41DC-9B35-AEFADB8845F6}"
EndProject
Global
	GlobalSection(SolutionConfigurationPlatforms) = preSolution
		Debug|Any CPU = Debug|Any CPU
		Release|Any CPU = Release|Any CPU
	EndGlobalSection
	GlobalSection(ProjectConfigurationPlatforms) = postSolution
		{D5EB9089-53AC-41DC-9B35-AEFADB8845F6}.Debug|Any CPU.ActiveCfg = Debug|Any CPU
		{D5EB9089-53AC-41DC-9B35-AEFADB8845F6}.Debug|Any CPU.Build.0 = Debug|Any CPU
		{D5EB9089-53AC-41DC-9B35-AEFADB8845F6}.Release|Any CPU.ActiveCfg = Release|Any CPU
		{D5EB9089-53AC-41DC-9B35-AEFADB8845F6}.Release|Any CPU.Build.0 = Release|Any CPU
	EndGlobalSection
	GlobalSection(SolutionProperties) = preSolution
		HideSolutionNode = FALSE
	EndGlobalSection
	GlobalSection(ExtensibilityGlobals) = postSolution
		SolutionGuid = {CBAAC270-662B-4421-B511-1AE6181EC204}
	EndGlobalSection
EndGlobal
